// !$*UTF8*$!
{
	archiveVersion = 1;
	classes = {
	};
	objectVersion = 46;
	objects = {

/* Begin PBXBuildFile section */
		671AD4141EE747640044A475 /* AppDelegate.swift in Sources */ = {isa = PBXBuildFile; fileRef = 671AD4131EE747640044A475 /* AppDelegate.swift */; };
		671AD4161EE747640044A475 /* ViewController.swift in Sources */ = {isa = PBXBuildFile; fileRef = 671AD4151EE747640044A475 /* ViewController.swift */; };
		671AD4191EE747640044A475 /* Main.storyboard in Resources */ = {isa = PBXBuildFile; fileRef = 671AD4171EE747640044A475 /* Main.storyboard */; };
		671AD41B1EE747640044A475 /* Assets.xcassets in Resources */ = {isa = PBXBuildFile; fileRef = 671AD41A1EE747640044A475 /* Assets.xcassets */; };
		671AD41E1EE747640044A475 /* LaunchScreen.storyboard in Resources */ = {isa = PBXBuildFile; fileRef = 671AD41C1EE747640044A475 /* LaunchScreen.storyboard */; };
		671AD4291EE747640044A475 /* oursalvationTests.swift in Sources */ = {isa = PBXBuildFile; fileRef = 671AD4281EE747640044A475 /* oursalvationTests.swift */; };
		671AD4341EE747640044A475 /* oursalvationUITests.swift in Sources */ = {isa = PBXBuildFile; fileRef = 671AD4331EE747640044A475 /* oursalvationUITests.swift */; };
/* End PBXBuildFile section */

/* Begin PBXContainerItemProxy section */
		671AD4251EE747640044A475 /* PBXContainerItemProxy */ = {
			isa = PBXContainerItemProxy;
			containerPortal = 671AD4081EE747640044A475 /* Project object */;
			proxyType = 1;
			remoteGlobalIDString = 671AD40F1EE747640044A475;
			remoteInfo = oursalvation;
		};
		671AD4301EE747640044A475 /* PBXContainerItemProxy */ = {
			isa = PBXContainerItemProxy;
			containerPortal = 671AD4081EE747640044A475 /* Project object */;
			proxyType = 1;
			remoteGlobalIDString = 671AD40F1EE747640044A475;
			remoteInfo = oursalvation;
		};
/* End PBXContainerItemProxy section */

/* Begin PBXFileReference section */
		671AD4101EE747640044A475 /* oursalvation.app */ = {isa = PBXFileReference; explicitFileType = wrapper.application; includeInIndex = 0; path = oursalvation.app; sourceTree = BUILT_PRODUCTS_DIR; };
		671AD4131EE747640044A475 /* AppDelegate.swift */ = {isa = PBXFileReference; lastKnownFileType = sourcecode.swift; path = AppDelegate.swift; sourceTree = "<group>"; };
		671AD4151EE747640044A475 /* ViewController.swift */ = {isa = PBXFileReference; lastKnownFileType = sourcecode.swift; path = ViewController.swift; sourceTree = "<group>"; };
		671AD4181EE747640044A475 /* Base */ = {isa = PBXFileReference; lastKnownFileType = file.storyboard; name = Base; path = Base.lproj/Main.storyboard; sourceTree = "<group>"; };
		671AD41A1EE747640044A475 /* Assets.xcassets */ = {isa = PBXFileReference; lastKnownFileType = folder.assetcatalog; path = Assets.xcassets; sourceTree = "<group>"; };
		671AD41D1EE747640044A475 /* Base */ = {isa = PBXFileReference; lastKnownFileType = file.storyboard; name = Base; path = Base.lproj/LaunchScreen.storyboard; sourceTree = "<group>"; };
		671AD41F1EE747640044A475 /* Info.plist */ = {isa = PBXFileReference; lastKnownFileType = text.plist.xml; path = Info.plist; sourceTree = "<group>"; };
		671AD4241EE747640044A475 /* oursalvationTests.xctest */ = {isa = PBXFileReference; explicitFileType = wrapper.cfbundle; includeInIndex = 0; path = oursalvationTests.xctest; sourceTree = BUILT_PRODUCTS_DIR; };
		671AD4281EE747640044A475 /* oursalvationTests.swift */ = {isa = PBXFileReference; lastKnownFileType = sourcecode.swift; path = oursalvationTests.swift; sourceTree = "<group>"; };
		671AD42A1EE747640044A475 /* Info.plist */ = {isa = PBXFileReference; lastKnownFileType = text.plist.xml; path = Info.plist; sourceTree = "<group>"; };
		671AD42F1EE747640044A475 /* oursalvationUITests.xctest */ = {isa = PBXFileReference; explicitFileType = wrapper.cfbundle; includeInIndex = 0; path = oursalvationUITests.xctest; sourceTree = BUILT_PRODUCTS_DIR; };
		671AD4331EE747640044A475 /* oursalvationUITests.swift */ = {isa = PBXFileReference; lastKnownFileType = sourcecode.swift; path = oursalvationUITests.swift; sourceTree = "<group>"; };
		671AD4351EE747640044A475 /* Info.plist */ = {isa = PBXFileReference; lastKnownFileType = text.plist.xml; path = Info.plist; sourceTree = "<group>"; };
/* End PBXFileReference section */

/* Begin PBXFrameworksBuildPhase section */
		671AD40D1EE747640044A475 /* Frameworks */ = {
			isa = PBXFrameworksBuildPhase;
			buildActionMask = 2147483647;
			files = (
			);
			runOnlyForDeploymentPostprocessing = 0;
		};
		671AD4211EE747640044A475 /* Frameworks */ = {
			isa = PBXFrameworksBuildPhase;
			buildActionMask = 2147483647;
			files = (
			);
			runOnlyForDeploymentPostprocessing = 0;
		};
		671AD42C1EE747640044A475 /* Frameworks */ = {
			isa = PBXFrameworksBuildPhase;
			buildActionMask = 2147483647;
			files = (
			);
			runOnlyForDeploymentPostprocessing = 0;
		};
/* End PBXFrameworksBuildPhase section */

/* Begin PBXGroup section */
		671AD4071EE747640044A475 = {
			isa = PBXGroup;
			children = (
				671AD4121EE747640044A475 /* oursalvation */,
				671AD4271EE747640044A475 /* oursalvationTests */,
				671AD4321EE747640044A475 /* oursalvationUITests */,
				671AD4111EE747640044A475 /* Products */,
			);
			sourceTree = "<group>";
		};
		671AD4111EE747640044A475 /* Products */ = {
			isa = PBXGroup;
			children = (
				671AD4101EE747640044A475 /* oursalvation.app */,
				671AD4241EE747640044A475 /* oursalvationTests.xctest */,
				671AD42F1EE747640044A475 /* oursalvationUITests.xctest */,
			);
			name = Products;
			sourceTree = "<group>";
		};
		671AD4121EE747640044A475 /* oursalvation */ = {
			isa = PBXGroup;
			children = (
				671AD4131EE747640044A475 /* AppDelegate.swift */,
				671AD4151EE747640044A475 /* ViewController.swift */,
				671AD4171EE747640044A475 /* Main.storyboard */,
				671AD41A1EE747640044A475 /* Assets.xcassets */,
				671AD41C1EE747640044A475 /* LaunchScreen.storyboard */,
				671AD41F1EE747640044A475 /* Info.plist */,
			);
			path = oursalvation;
			sourceTree = "<group>";
		};
		671AD4271EE747640044A475 /* oursalvationTests */ = {
			isa = PBXGroup;
			children = (
				671AD4281EE747640044A475 /* oursalvationTests.swift */,
				671AD42A1EE747640044A475 /* Info.plist */,
			);
			path = oursalvationTests;
			sourceTree = "<group>";
		};
		671AD4321EE747640044A475 /* oursalvationUITests */ = {
			isa = PBXGroup;
			children = (
				671AD4331EE747640044A475 /* oursalvationUITests.swift */,
				671AD4351EE747640044A475 /* Info.plist */,
			);
			path = oursalvationUITests;
			sourceTree = "<group>";
		};
/* End PBXGroup section */

/* Begin PBXNativeTarget section */
		671AD40F1EE747640044A475 /* oursalvation */ = {
			isa = PBXNativeTarget;
			buildConfigurationList = 671AD4381EE747640044A475 /* Build configuration list for PBXNativeTarget "oursalvation" */;
			buildPhases = (
				671AD40C1EE747640044A475 /* Sources */,
				671AD40D1EE747640044A475 /* Frameworks */,
				671AD40E1EE747640044A475 /* Resources */,
			);
			buildRules = (
			);
			dependencies = (
			);
			name = oursalvation;
			productName = oursalvation;
			productReference = 671AD4101EE747640044A475 /* oursalvation.app */;
			productType = "com.apple.product-type.application";
		};
		671AD4231EE747640044A475 /* oursalvationTests */ = {
			isa = PBXNativeTarget;
			buildConfigurationList = 671AD43B1EE747640044A475 /* Build configuration list for PBXNativeTarget "oursalvationTests" */;
			buildPhases = (
				671AD4201EE747640044A475 /* Sources */,
				671AD4211EE747640044A475 /* Frameworks */,
				671AD4221EE747640044A475 /* Resources */,
			);
			buildRules = (
			);
			dependencies = (
				671AD4261EE747640044A475 /* PBXTargetDependency */,
			);
			name = oursalvationTests;
			productName = oursalvationTests;
			productReference = 671AD4241EE747640044A475 /* oursalvationTests.xctest */;
			productType = "com.apple.product-type.bundle.unit-test";
		};
		671AD42E1EE747640044A475 /* oursalvationUITests */ = {
			isa = PBXNativeTarget;
			buildConfigurationList = 671AD43E1EE747640044A475 /* Build configuration list for PBXNativeTarget "oursalvationUITests" */;
			buildPhases = (
				671AD42B1EE747640044A475 /* Sources */,
				671AD42C1EE747640044A475 /* Frameworks */,
				671AD42D1EE747640044A475 /* Resources */,
			);
			buildRules = (
			);
			dependencies = (
				671AD4311EE747640044A475 /* PBXTargetDependency */,
			);
			name = oursalvationUITests;
			productName = oursalvationUITests;
			productReference = 671AD42F1EE747640044A475 /* oursalvationUITests.xctest */;
			productType = "com.apple.product-type.bundle.ui-testing";
		};
/* End PBXNativeTarget section */

/* Begin PBXProject section */
		671AD4081EE747640044A475 /* Project object */ = {
			isa = PBXProject;
			attributes = {
				LastSwiftUpdateCheck = 0830;
				LastUpgradeCheck = 0830;
				ORGANIZATIONNAME = "Ze Jun Liu";
				TargetAttributes = {
					671AD40F1EE747640044A475 = {
						CreatedOnToolsVersion = 8.3.2;
						ProvisioningStyle = Automatic;
					};
					671AD4231EE747640044A475 = {
						CreatedOnToolsVersion = 8.3.2;
						ProvisioningStyle = Automatic;
						TestTargetID = 671AD40F1EE747640044A475;
					};
					671AD42E1EE747640044A475 = {
						CreatedOnToolsVersion = 8.3.2;
						ProvisioningStyle = Automatic;
						TestTargetID = 671AD40F1EE747640044A475;
					};
				};
			};
			buildConfigurationList = 671AD40B1EE747640044A475 /* Build configuration list for PBXProject "oursalvation" */;
			compatibilityVersion = "Xcode 3.2";
			developmentRegion = English;
			hasScannedForEncodings = 0;
			knownRegions = (
				en,
				Base,
			);
			mainGroup = 671AD4071EE747640044A475;
			productRefGroup = 671AD4111EE747640044A475 /* Products */;
			projectDirPath = "";
			projectRoot = "";
			targets = (
				671AD40F1EE747640044A475 /* oursalvation */,
				671AD4231EE747640044A475 /* oursalvationTests */,
				671AD42E1EE747640044A475 /* oursalvationUITests */,
			);
		};
/* End PBXProject section */

/* Begin PBXResourcesBuildPhase section */
		671AD40E1EE747640044A475 /* Resources */ = {
			isa = PBXResourcesBuildPhase;
			buildActionMask = 2147483647;
			files = (
				671AD41E1EE747640044A475 /* LaunchScreen.storyboard in Resources */,
				671AD41B1EE747640044A475 /* Assets.xcassets in Resources */,
				671AD4191EE747640044A475 /* Main.storyboard in Resources */,
			);
			runOnlyForDeploymentPostprocessing = 0;
		};
		671AD4221EE747640044A475 /* Resources */ = {
			isa = PBXResourcesBuildPhase;
			buildActionMask = 2147483647;
			files = (
			);
			runOnlyForDeploymentPostprocessing = 0;
		};
		671AD42D1EE747640044A475 /* Resources */ = {
			isa = PBXResourcesBuildPhase;
			buildActionMask = 2147483647;
			files = (
			);
			runOnlyForDeploymentPostprocessing = 0;
		};
/* End PBXResourcesBuildPhase section */

/* Begin PBXSourcesBuildPhase section */
		671AD40C1EE747640044A475 /* Sources */ = {
			isa = PBXSourcesBuildPhase;
			buildActionMask = 2147483647;
			files = (
				671AD4161EE747640044A475 /* ViewController.swift in Sources */,
				671AD4141EE747640044A475 /* AppDelegate.swift in Sources */,
			);
			runOnlyForDeploymentPostprocessing = 0;
		};
		671AD4201EE747640044A475 /* Sources */ = {
			isa = PBXSourcesBuildPhase;
			buildActionMask = 2147483647;
			files = (
				671AD4291EE747640044A475 /* oursalvationTests.swift in Sources */,
			);
			runOnlyForDeploymentPostprocessing = 0;
		};
		671AD42B1EE747640044A475 /* Sources */ = {
			isa = PBXSourcesBuildPhase;
			buildActionMask = 2147483647;
			files = (
				671AD4341EE747640044A475 /* oursalvationUITests.swift in Sources */,
			);
			runOnlyForDeploymentPostprocessing = 0;
		};
/* End PBXSourcesBuildPhase section */

/* Begin PBXTargetDependency section */
		671AD4261EE747640044A475 /* PBXTargetDependency */ = {
			isa = PBXTargetDependency;
			target = 671AD40F1EE747640044A475 /* oursalvation */;
			targetProxy = 671AD4251EE747640044A475 /* PBXContainerItemProxy */;
		};
		671AD4311EE747640044A475 /* PBXTargetDependency */ = {
			isa = PBXTargetDependency;
			target = 671AD40F1EE747640044A475 /* oursalvation */;
			targetProxy = 671AD4301EE747640044A475 /* PBXContainerItemProxy */;
		};
/* End PBXTargetDependency section */

/* Begin PBXVariantGroup section */
		671AD4171EE747640044A475 /* Main.storyboard */ = {
			isa = PBXVariantGroup;
			children = (
				671AD4181EE747640044A475 /* Base */,
			);
			name = Main.storyboard;
			sourceTree = "<group>";
		};
		671AD41C1EE747640044A475 /* LaunchScreen.storyboard */ = {
			isa = PBXVariantGroup;
			children = (
				671AD41D1EE747640044A475 /* Base */,
			);
			name = LaunchScreen.storyboard;
			sourceTree = "<group>";
		};
/* End PBXVariantGroup section */

/* Begin XCBuildConfiguration section */
		671AD4361EE747640044A475 /* Debug */ = {
			isa = XCBuildConfiguration;
			buildSettings = {
				ALWAYS_SEARCH_USER_PATHS = NO;
				CLANG_ANALYZER_NONNULL = YES;
				CLANG_ANALYZER_NUMBER_OBJECT_CONVERSION = YES_AGGRESSIVE;
				CLANG_CXX_LANGUAGE_STANDARD = "gnu++0x";
				CLANG_CXX_LIBRARY = "libc++";
				CLANG_ENABLE_MODULES = YES;
				CLANG_ENABLE_OBJC_ARC = YES;
				CLANG_WARN_BOOL_CONVERSION = YES;
				CLANG_WARN_CONSTANT_CONVERSION = YES;
				CLANG_WARN_DIRECT_OBJC_ISA_USAGE = YES_ERROR;
				CLANG_WARN_DOCUMENTATION_COMMENTS = YES;
				CLANG_WARN_EMPTY_BODY = YES;
				CLANG_WARN_ENUM_CONVERSION = YES;
				CLANG_WARN_INFINITE_RECURSION = YES;
				CLANG_WARN_INT_CONVERSION = YES;
				CLANG_WARN_OBJC_ROOT_CLASS = YES_ERROR;
				CLANG_WARN_SUSPICIOUS_MOVE = YES;
				CLANG_WARN_UNREACHABLE_CODE = YES;
				CLANG_WARN__DUPLICATE_METHOD_MATCH = YES;
				"CODE_SIGN_IDENTITY[sdk=iphoneos*]" = "iPhone Developer";
				COPY_PHASE_STRIP = NO;
				DEBUG_INFORMATION_FORMAT = dwarf;
				ENABLE_STRICT_OBJC_MSGSEND = YES;
				ENABLE_TESTABILITY = YES;
				GCC_C_LANGUAGE_STANDARD = gnu99;
				GCC_DYNAMIC_NO_PIC = NO;
				GCC_NO_COMMON_BLOCKS = YES;
				GCC_OPTIMIZATION_LEVEL = 0;
				GCC_PREPROCESSOR_DEFINITIONS = (
					"DEBUG=1",
					"$(inherited)",
				);
				GCC_WARN_64_TO_32_BIT_CONVERSION = YES;
				GCC_WARN_ABOUT_RETURN_TYPE = YES_ERROR;
				GCC_WARN_UNDECLARED_SELECTOR = YES;
				GCC_WARN_UNINITIALIZED_AUTOS = YES_AGGRESSIVE;
				GCC_WARN_UNUSED_FUNCTION = YES;
				GCC_WARN_UNUSED_VARIABLE = YES;
				IPHONEOS_DEPLOYMENT_TARGET = 10.3;
				MTL_ENABLE_DEBUG_INFO = YES;
				ONLY_ACTIVE_ARCH = YES;
				SDKROOT = iphoneos;
				SWIFT_ACTIVE_COMPILATION_CONDITIONS = DEBUG;
				SWIFT_OPTIMIZATION_LEVEL = "-Onone";
				TARGETED_DEVICE_FAMILY = "1,2";
			};
			name = Debug;
		};
		671AD4371EE747640044A475 /* Release */ = {
			isa = XCBuildConfiguration;
			buildSettings = {
				ALWAYS_SEARCH_USER_PATHS = NO;
				CLANG_ANALYZER_NONNULL = YES;
				CLANG_ANALYZER_NUMBER_OBJECT_CONVERSION = YES_AGGRESSIVE;
				CLANG_CXX_LANGUAGE_STANDARD = "gnu++0x";
				CLANG_CXX_LIBRARY = "libc++";
				CLANG_ENABLE_MODULES = YES;
				CLANG_ENABLE_OBJC_ARC = YES;
				CLANG_WARN_BOOL_CONVERSION = YES;
				CLANG_WARN_CONSTANT_CONVERSION = YES;
				CLANG_WARN_DIRECT_OBJC_ISA_USAGE = YES_ERROR;
				CLANG_WARN_DOCUMENTATION_COMMENTS = YES;
				CLANG_WARN_EMPTY_BODY = YES;
				CLANG_WARN_ENUM_CONVERSION = YES;
				CLANG_WARN_INFINITE_RECURSION = YES;
				CLANG_WARN_INT_CONVERSION = YES;
				CLANG_WARN_OBJC_ROOT_CLASS = YES_ERROR;
				CLANG_WARN_SUSPICIOUS_MOVE = YES;
				CLANG_WARN_UNREACHABLE_CODE = YES;
				CLANG_WARN__DUPLICATE_METHOD_MATCH = YES;
				"CODE_SIGN_IDENTITY[sdk=iphoneos*]" = "iPhone Developer";
				COPY_PHASE_STRIP = NO;
				DEBUG_INFORMATION_FORMAT = "dwarf-with-dsym";
				ENABLE_NS_ASSERTIONS = NO;
				ENABLE_STRICT_OBJC_MSGSEND = YES;
				GCC_C_LANGUAGE_STANDARD = gnu99;
				GCC_NO_COMMON_BLOCKS = YES;
				GCC_WARN_64_TO_32_BIT_CONVERSION = YES;
				GCC_WARN_ABOUT_RETURN_TYPE = YES_ERROR;
				GCC_WARN_UNDECLARED_SELECTOR = YES;
				GCC_WARN_UNINITIALIZED_AUTOS = YES_AGGRESSIVE;
				GCC_WARN_UNUSED_FUNCTION = YES;
				GCC_WARN_UNUSED_VARIABLE = YES;
				IPHONEOS_DEPLOYMENT_TARGET = 10.3;
				MTL_ENABLE_DEBUG_INFO = NO;
				SDKROOT = iphoneos;
				SWIFT_OPTIMIZATION_LEVEL = "-Owholemodule";
				TARGETED_DEVICE_FAMILY = "1,2";
				VALIDATE_PRODUCT = YES;
			};
			name = Release;
		};
		671AD4391EE747640044A475 /* Debug */ = {
			isa = XCBuildConfiguration;
			buildSettings = {
				ASSETCATALOG_COMPILER_APPICON_NAME = AppIcon;
				INFOPLIST_FILE = oursalvation/Info.plist;
				LD_RUNPATH_SEARCH_PATHS = "$(inherited) @executable_path/Frameworks";
				PRODUCT_BUNDLE_IDENTIFIER = "com.Ze-Jun-Liu.oursalvation";
				PRODUCT_NAME = "$(TARGET_NAME)";
				SWIFT_VERSION = 3.0;
			};
			name = Debug;
		};
		671AD43A1EE747640044A475 /* Release */ = {
			isa = XCBuildConfiguration;
			buildSettings = {
				ASSETCATALOG_COMPILER_APPICON_NAME = AppIcon;
				INFOPLIST_FILE = oursalvation/Info.plist;
				LD_RUNPATH_SEARCH_PATHS = "$(inherited) @executable_path/Frameworks";
				PRODUCT_BUNDLE_IDENTIFIER = "com.Ze-Jun-Liu.oursalvation";
				PRODUCT_NAME = "$(TARGET_NAME)";
				SWIFT_VERSION = 3.0;
			};
			name = Release;
		};
		671AD43C1EE747640044A475 /* Debug */ = {
			isa = XCBuildConfiguration;
			buildSettings = {
				ALWAYS_EMBED_SWIFT_STANDARD_LIBRARIES = YES;
				BUNDLE_LOADER = "$(TEST_HOST)";
				INFOPLIST_FILE = oursalvationTests/Info.plist;
				LD_RUNPATH_SEARCH_PATHS = "$(inherited) @executable_path/Frameworks @loader_path/Frameworks";
				PRODUCT_BUNDLE_IDENTIFIER = "com.Ze-Jun-Liu.oursalvationTests";
				PRODUCT_NAME = "$(TARGET_NAME)";
				SWIFT_VERSION = 3.0;
				TEST_HOST = "$(BUILT_PRODUCTS_DIR)/oursalvation.app/oursalvation";
			};
			name = Debug;
		};
		671AD43D1EE747640044A475 /* Release */ = {
			isa = XCBuildConfiguration;
			buildSettings = {
				ALWAYS_EMBED_SWIFT_STANDARD_LIBRARIES = YES;
				BUNDLE_LOADER = "$(TEST_HOST)";
				INFOPLIST_FILE = oursalvationTests/Info.plist;
				LD_RUNPATH_SEARCH_PATHS = "$(inherited) @executable_path/Frameworks @loader_path/Frameworks";
				PRODUCT_BUNDLE_IDENTIFIER = "com.Ze-Jun-Liu.oursalvationTests";
				PRODUCT_NAME = "$(TARGET_NAME)";
				SWIFT_VERSION = 3.0;
				TEST_HOST = "$(BUILT_PRODUCTS_DIR)/oursalvation.app/oursalvation";
			};
			name = Release;
		};
		671AD43F1EE747640044A475 /* Debug */ = {
			isa = XCBuildConfiguration;
			buildSettings = {
				ALWAYS_EMBED_SWIFT_STANDARD_LIBRARIES = YES;
				INFOPLIST_FILE = oursalvationUITests/Info.plist;
				LD_RUNPATH_SEARCH_PATHS = "$(inherited) @executable_path/Frameworks @loader_path/Frameworks";
				PRODUCT_BUNDLE_IDENTIFIER = "com.Ze-Jun-Liu.oursalvationUITests";
				PRODUCT_NAME = "$(TARGET_NAME)";
				SWIFT_VERSION = 3.0;
				TEST_TARGET_NAME = oursalvation;
			};
			name = Debug;
		};
		671AD4401EE747640044A475 /* Release */ = {
			isa = XCBuildConfiguration;
			buildSettings = {
				ALWAYS_EMBED_SWIFT_STANDARD_LIBRARIES = YES;
				INFOPLIST_FILE = oursalvationUITests/Info.plist;
				LD_RUNPATH_SEARCH_PATHS = "$(inherited) @executable_path/Frameworks @loader_path/Frameworks";
				PRODUCT_BUNDLE_IDENTIFIER = "com.Ze-Jun-Liu.oursalvationUITests";
				PRODUCT_NAME = "$(TARGET_NAME)";
				SWIFT_VERSION = 3.0;
				TEST_TARGET_NAME = oursalvation;
			};
			name = Release;
		};
/* End XCBuildConfiguration section */

/* Begin XCConfigurationList section */
		671AD40B1EE747640044A475 /* Build configuration list for PBXProject "oursalvation" */ = {
			isa = XCConfigurationList;
			buildConfigurations = (
				671AD4361EE747640044A475 /* Debug */,
				671AD4371EE747640044A475 /* Release */,
			);
			defaultConfigurationIsVisible = 0;
			defaultConfigurationName = Release;
		};
		671AD4381EE747640044A475 /* Build configuration list for PBXNativeTarget "oursalvation" */ = {
			isa = XCConfigurationList;
			buildConfigurations = (
				671AD4391EE747640044A475 /* Debug */,
				671AD43A1EE747640044A475 /* Release */,
			);
			defaultConfigurationIsVisible = 0;
		};
		671AD43B1EE747640044A475 /* Build configuration list for PBXNativeTarget "oursalvationTests" */ = {
			isa = XCConfigurationList;
			buildConfigurations = (
				671AD43C1EE747640044A475 /* Debug */,
				671AD43D1EE747640044A475 /* Release */,
			);
			defaultConfigurationIsVisible = 0;
		};
		671AD43E1EE747640044A475 /* Build configuration list for PBXNativeTarget "oursalvationUITests" */ = {
			isa = XCConfigurationList;
			buildConfigurations = (
				671AD43F1EE747640044A475 /* Debug */,
				671AD4401EE747640044A475 /* Release */,
			);
			defaultConfigurationIsVisible = 0;
		};
/* End XCConfigurationList section */
	};
	rootObject = 671AD4081EE747640044A475 /* Project object */;
}
